{
    "_readme": [
        "This file locks the dependencies of your project to a known state",
        "Read more about it at https://getcomposer.org/doc/01-basic-usage.md#installing-dependencies",
        "This file is @generated automatically"
    ],
    "content-hash": "d69c0f124d322b615265d7542821f410",
    "packages": [
        {
            "name": "hautelook/phpass",
            "version": "1.1.0",
            "source": {
                "type": "git",
                "url": "https://github.com/hautelook/phpass.git",
                "reference": "b2daca28508000d1dd126e93ec472d771626a774"
            },
            "dist": {
                "type": "zip",
                "url": "https://api.github.com/repos/hautelook/phpass/zipball/b2daca28508000d1dd126e93ec472d771626a774",
                "reference": "b2daca28508000d1dd126e93ec472d771626a774",
                "shasum": ""
            },
            "require": {
                "php": ">=5.6.0"
            },
            "type": "library",
            "autoload": {
                "psr-0": {
                    "Hautelook": "src/"
                }
            },
            "notification-url": "https://packagist.org/downloads/",
            "license": [
                "Public Domain"
            ],
            "authors": [
                {
                    "name": "Solar Designer",
                    "email": "solar@openwall.com",
                    "homepage": "http://openwall.com/phpass/"
                }
            ],
            "description": "Portable PHP password hashing framework",
            "homepage": "http://github.com/hautelook/phpass/",
            "keywords": [
                "blowfish",
                "crypt",
                "password",
                "security"
            ],
            "time": "2012-08-31T00:00:00+00:00"
        },
        {
            "name": "php-amqplib/php-amqplib",
            "version": "dev-master",
            "source": {
                "type": "git",
                "url": "https://github.com/php-amqplib/php-amqplib.git",
                "reference": "c0b132eb3d487d30c757e00c8dc52b5b1007744d"
            },
            "dist": {
                "type": "zip",
                "url": "https://api.github.com/repos/php-amqplib/php-amqplib/zipball/c0b132eb3d487d30c757e00c8dc52b5b1007744d",
                "reference": "c0b132eb3d487d30c757e00c8dc52b5b1007744d",
                "shasum": ""
            },
            "require": {
                "ext-bcmath": "*",
                "ext-sockets": "*",
                "php": ">=5.6"
            },
            "replace": {
                "videlalvaro/php-amqplib": "self.version"
            },
            "require-dev": {
                "phpdocumentor/phpdocumentor": "^2.9",
                "phpunit/phpunit": "^4.8",
                "scrutinizer/ocular": "^1.1",
                "squizlabs/php_codesniffer": "^2.5"
            },
            "type": "library",
            "extra": {
                "branch-alias": {
                    "dev-master": "2.8-dev"
                }
            },
            "autoload": {
                "psr-4": {
                    "PhpAmqpLib\\": "PhpAmqpLib/"
                }
            },
            "notification-url": "https://packagist.org/downloads/",
            "license": [
                "LGPL-2.1-or-later"
            ],
            "authors": [
                {
                    "name": "Alvaro Videla",
                    "role": "Original Maintainer"
                },
                {
                    "name": "John Kelly",
                    "email": "johnmkelly86@gmail.com",
                    "role": "Maintainer"
                },
                {
                    "name": "Raúl Araya",
                    "email": "nubeiro@gmail.com",
                    "role": "Maintainer"
                },
                {
                    "name": "Luke Bakken",
                    "email": "luke@bakken.io",
                    "role": "Maintainer"
                }
            ],
            "description": "Formerly videlalvaro/php-amqplib.  This library is a pure PHP implementation of the AMQP protocol. It's been tested against RabbitMQ.",
            "homepage": "https://github.com/php-amqplib/php-amqplib/",
            "keywords": [
                "message",
                "queue",
                "rabbitmq"
            ],
            "time": "2019-03-08T20:12:56+00:00"
        },
        {
            "name": "seanmorris/access",
            "version": "dev-master",
            "source": {
                "type": "git",
                "url": "https://github.com/seanmorris/access.git",
                "reference": "f559e4f8c942679ae8d929cb3680db290943edc0"
            },
            "dist": {
                "type": "zip",
                "url": "https://api.github.com/repos/seanmorris/access/zipball/f559e4f8c942679ae8d929cb3680db290943edc0",
                "reference": "f559e4f8c942679ae8d929cb3680db290943edc0",
                "shasum": ""
            },
            "require": {
                "hautelook/phpass": "^1.0"
            },
            "require-dev": {
                "simpletest/simpletest": "^1.1"
            },
            "type": "library",
            "autoload": {
                "psr-4": {
                    "SeanMorris\\Access\\Test\\": "test/",
                    "SeanMorris\\Access\\": "source/",
                    "seanmorris\\access\\": "source/"
                }
            },
            "authors": [
                {
                    "name": "Sean Morris",
                    "email": "sean@sean-morris.com"
                }
            ],
            "time": "2019-07-21T21:27:52+00:00"
        },
        {
            "name": "seanmorris/form",
            "version": "dev-master",
            "source": {
                "type": "git",
                "url": "https://github.com/seanmorris/form.git",
                "reference": "1a060505b4638fe7e1c4784de13b775ec66500fc"
            },
            "dist": {
                "type": "zip",
                "url": "https://api.github.com/repos/seanmorris/form/zipball/1a060505b4638fe7e1c4784de13b775ec66500fc",
                "reference": "1a060505b4638fe7e1c4784de13b775ec66500fc",
                "shasum": ""
            },
            "require": {
                "seanmorris/theme": "1.0.*"
            },
            "require-dev": {
                "simpletest/simpletest": "^1.1"
            },
            "type": "library",
            "autoload": {
                "psr-4": {
                    "SeanMorris\\Form\\Test\\": "test/",
                    "SeanMorris\\Form\\": "source/"
                }
            },
            "notification-url": "https://packagist.org/downloads/",
            "license": [
                "Apache-2.0"
            ],
            "authors": [
                {
                    "name": "Sean Morris",
                    "email": "sean@sean-morris.com"
                }
            ],
            "description": "Simple, Object oriented forms for PHP.",
            "time": "2019-02-13T14:43:44+00:00"
        },
        {
            "name": "seanmorris/ids",
            "version": "dev-master",
            "source": {
                "type": "git",
                "url": "https://github.com/seanmorris/ids.git",
                "reference": "1b03211134de6462338ee35aa731580473e85f5c"
            },
            "dist": {
                "type": "zip",
                "url": "https://api.github.com/repos/seanmorris/ids/zipball/1b03211134de6462338ee35aa731580473e85f5c",
                "reference": "1b03211134de6462338ee35aa731580473e85f5c",
                "shasum": ""
            },
            "require-dev": {
                "simpletest/simpletest": "dev-master"
            },
            "bin": [
                "source/Idilic/idilic"
            ],
            "type": "library",
            "autoload": {
                "psr-4": {
                    "SeanMorris\\Ids\\Test\\": "test/",
                    "SeanMorris\\Ids\\": "source/"
                }
            },
            "authors": [
                {
                    "name": "Sean Morris",
                    "email": "sean@sean-morris.com"
                }
            ],
            "time": "2019-08-11T15:46:55+00:00"
        },
        {
            "name": "seanmorris/kallisti",
            "version": "dev-master",
            "source": {
                "type": "git",
                "url": "https://github.com/seanmorris/kallisti.git",
                "reference": "d59d9e1457ad132dc6748bbbbdb514dc311e53a9"
            },
            "dist": {
                "type": "zip",
                "url": "https://api.github.com/repos/seanmorris/kallisti/zipball/d59d9e1457ad132dc6748bbbbdb514dc311e53a9",
                "reference": "d59d9e1457ad132dc6748bbbbdb514dc311e53a9",
                "shasum": ""
            },
            "require-dev": {
                "simpletest/simpletest": "dev-master"
            },
            "type": "library",
            "autoload": {
                "psr-4": {
                    "SeanMorris\\Kallisti\\Test\\": "test/",
                    "SeanMorris\\Kallisti\\": "source/"
                }
            },
            "notification-url": "https://packagist.org/downloads/",
            "authors": [
                {
                    "name": "Sean Morris",
                    "email": "inquire@seanmorr.is"
                }
            ],
            "description": "Chaos Management Engine",
            "time": "2019-07-21T23:15:36+00:00"
        },
        {
            "name": "seanmorris/message",
            "version": "dev-master",
            "source": {
                "type": "git",
                "url": "https://github.com/seanmorris/message.git",
                "reference": "73c1b67f72dedba14c572e6e80c2c4fdd7ac8d3e"
            },
            "dist": {
                "type": "zip",
                "url": "https://api.github.com/repos/seanmorris/message/zipball/73c1b67f72dedba14c572e6e80c2c4fdd7ac8d3e",
                "reference": "73c1b67f72dedba14c572e6e80c2c4fdd7ac8d3e",
                "shasum": ""
            },
            "type": "library",
            "autoload": {
                "psr-4": {
                    "SeanMorris\\Message\\Test\\": "test/",
                    "SeanMorris\\Message\\": "source/"
                }
            },
            "notification-url": "https://packagist.org/downloads/",
            "authors": [
                {
                    "name": "Sean Morris",
                    "email": "sean@sean-morris.com"
                }
            ],
            "time": "2018-05-07T18:57:24+00:00"
        },
        {
            "name": "seanmorris/presskit",
            "version": "dev-master",
            "source": {
                "type": "git",
                "url": "https://github.com/seanmorris/PressKit.git",
                "reference": "9433ba7b02ebf0c53396ba6ea6ca597e32ebaf21"
            },
            "dist": {
                "type": "zip",
                "url": "https://api.github.com/repos/seanmorris/PressKit/zipball/9433ba7b02ebf0c53396ba6ea6ca597e32ebaf21",
                "reference": "9433ba7b02ebf0c53396ba6ea6ca597e32ebaf21",
                "shasum": ""
            },
            "require": {
                "seanmorris/access": "dev-master",
                "seanmorris/form": "dev-master",
                "seanmorris/ids": "dev-master",
                "seanmorris/kallisti": "dev-master",
                "seanmorris/message": "dev-master",
                "seanmorris/theme": ">=1"
            },
            "type": "library",
            "autoload": {
                "psr-4": {
                    "SeanMorris\\PressKit\\Test\\": "test/",
                    "SeanMorris\\PressKit\\": "source/"
                }
            },
            "authors": [
                {
                    "name": "Sean Morris",
                    "email": "sean@sean-morris.com"
                }
            ],
            "time": "2019-08-11T18:51:49+00:00"
        },
        {
            "name": "seanmorris/subspace",
            "version": "dev-master",
            "source": {
                "type": "git",
                "url": "https://github.com/seanmorris/subspace-server.git",
                "reference": "42cd730b0881220bbbfdfa9748f18467b46a2014"
            },
            "dist": {
                "type": "zip",
                "url": "https://api.github.com/repos/seanmorris/subspace-server/zipball/42cd730b0881220bbbfdfa9748f18467b46a2014",
                "reference": "42cd730b0881220bbbfdfa9748f18467b46a2014",
                "shasum": ""
            },
            "require": {
                "seanmorris/access": "dev-master",
                "seanmorris/form": "dev-master",
                "seanmorris/ids": "dev-master",
                "seanmorris/kallisti": "dev-master",
                "seanmorris/message": "dev-master",
                "seanmorris/presskit": "dev-master"
            },
            "require-dev": {
                "simpletest/simpletest": "dev-master"
            },
            "type": "library",
            "autoload": {
                "psr-4": {
                    "SeanMorris\\SubSpace\\Test\\": "test/",
                    "SeanMorris\\SubSpace\\": "source/"
                }
            },
            "notification-url": "https://packagist.org/downloads/",
            "authors": [
                {
                    "name": "Sean Morris",
                    "email": "contact@seanmorr.is"
                }
            ],
            "description": "Kallisti websocket server.",
            "time": "2019-05-28T11:08:36+00:00"
        },
        {
            "name": "seanmorris/theme",
            "version": "1.0.7",
            "source": {
                "type": "git",
                "url": "https://github.com/seanmorris/theme.git",
                "reference": "97554e153312026c7db4af8ae3653d20fe9d117d"
            },
            "dist": {
                "type": "zip",
                "url": "https://api.github.com/repos/seanmorris/theme/zipball/97554e153312026c7db4af8ae3653d20fe9d117d",
                "reference": "97554e153312026c7db4af8ae3653d20fe9d117d",
                "shasum": ""
            },
            "require-dev": {
                "simpletest/simpletest": "dev-master"
            },
            "type": "library",
            "autoload": {
                "psr-4": {
                    "SeanMorris\\Theme\\Test\\": "test/",
                    "SeanMorris\\Theme\\": "source/"
                }
            },
            "notification-url": "https://packagist.org/downloads/",
            "license": [
                "Apache-2.0"
            ],
            "authors": [
                {
                    "name": "Sean Morris",
                    "email": "sean@sean-morris.com"
                }
            ],
            "description": "Simple, sane templating and theming for PHP",
            "time": "2017-07-02T12:52:16+00:00"
        },
        {
            "name": "simpletest/simpletest",
            "version": "v1.1.7",
            "source": {
                "type": "git",
                "url": "https://github.com/simpletest/simpletest.git",
                "reference": "2f8c466c114bdb9c11028a0c3e6d1380ae6a18dc"
            },
            "dist": {
                "type": "zip",
                "url": "https://api.github.com/repos/simpletest/simpletest/zipball/2f8c466c114bdb9c11028a0c3e6d1380ae6a18dc",
                "reference": "2f8c466c114bdb9c11028a0c3e6d1380ae6a18dc",
                "shasum": ""
            },
            "require": {
                "php": ">=5.0.5"
            },
            "replace": {
                "lastcraft/simpletest": "self.version",
                "vierbergenlars/simpletest": "self.version"
            },
            "type": "library",
            "autoload": {
                "classmap": [
                    "."
                ]
            },
            "notification-url": "https://packagist.org/downloads/",
            "license": [
                "LGPL-2.0+"
            ],
            "authors": [
                {
                    "name": "Lars Vierbergen",
                    "email": "vierbergenlars@gmail.com"
                },
                {
                    "name": "Lachlan Donald",
                    "email": "lachlan@ljd.cc"
                },
                {
                    "name": "Marcus Baker",
                    "email": "marcus@lastcraft.com",
                    "role": "Original project lead"
                },
                {
                    "name": "Jason Sweat",
                    "role": "Original developer"
                },
                {
                    "name": "Travis Swicegood",
                    "role": "Original developer"
                },
                {
                    "name": "Perrick Penet",
                    "role": "Original developer"
                },
                {
                    "name": "Edward Z. Yang",
                    "role": "Original developer"
                }
            ],
            "description": "Unit testing, mock objects and web testing framework for PHP built around test cases.",
            "homepage": "http://simpletest.org/",
            "keywords": [
                "SimpleTest",
                "code-coverage",
                "selenium",
                "testing",
                "unit-test"
            ],
            "time": "2015-09-21T18:19:52+00:00"
        }
    ],
    "packages-dev": [],
    "aliases": [],
    "minimum-stability": "stable",
    "stability-flags": {
        "seanmorris/ids": 20,
        "seanmorris/access": 20,
        "seanmorris/form": 20,
        "seanmorris/message": 20,
        "seanmorris/presskit": 20,
        "seanmorris/kallisti": 20,
        "seanmorris/subspace": 20,
        "php-amqplib/php-amqplib": 20
    },
    "prefer-stable": false,
    "prefer-lowest": false,
    "platform": [],
    "platform-dev": []
}
